// !$*UTF8*$!
{
	archiveVersion = 1;
	classes = {
	};
	objectVersion = 46;
	objects = {

/* Begin PBXBuildFile section */
		499EC4461DC6B4D900EA29A3 /* main.swift in Sources */ = {isa = PBXBuildFile; fileRef = 499EC4451DC6B4D900EA29A3 /* main.swift */; };
		499EC44D1DC6B53900EA29A3 /* quicksort.swift in Sources */ = {isa = PBXBuildFile; fileRef = 499EC44C1DC6B53900EA29A3 /* quicksort.swift */; };
		49A1124F1DC700ED00EE2018 /* binarysearch.swift in Sources */ = {isa = PBXBuildFile; fileRef = 49A1124E1DC700ED00EE2018 /* binarysearch.swift */; };
/* End PBXBuildFile section */

/* Begin PBXCopyFilesBuildPhase section */
		499EC4401DC6B4D900EA29A3 /* CopyFiles */ = {
			isa = PBXCopyFilesBuildPhase;
			buildActionMask = 2147483647;
			dstPath = /usr/share/man/man1/;
			dstSubfolderSpec = 0;
			files = (
			);
			runOnlyForDeploymentPostprocessing = 1;
		};
/* End PBXCopyFilesBuildPhase section */

/* Begin PBXFileReference section */
		499EC4421DC6B4D900EA29A3 /* swift-algorithms */ = {isa = PBXFileReference; explicitFileType = "compiled.mach-o.executable"; includeInIndex = 0; path = "swift-algorithms"; sourceTree = BUILT_PRODUCTS_DIR; };
		499EC4451DC6B4D900EA29A3 /* main.swift */ = {isa = PBXFileReference; lastKnownFileType = sourcecode.swift; path = main.swift; sourceTree = "<group>"; };
		499EC44C1DC6B53900EA29A3 /* quicksort.swift */ = {isa = PBXFileReference; fileEncoding = 4; lastKnownFileType = sourcecode.swift; path = quicksort.swift; sourceTree = "<group>"; };
		49A1124E1DC700ED00EE2018 /* binarysearch.swift */ = {isa = PBXFileReference; fileEncoding = 4; lastKnownFileType = sourcecode.swift; path = binarysearch.swift; sourceTree = "<group>"; };
/* End PBXFileReference section */

/* Begin PBXFrameworksBuildPhase section */
		499EC43F1DC6B4D900EA29A3 /* Frameworks */ = {
			isa = PBXFrameworksBuildPhase;
			buildActionMask = 2147483647;
			files = (
			);
			runOnlyForDeploymentPostprocessing = 0;
		};
/* End PBXFrameworksBuildPhase section */

/* Begin PBXGroup section */
		499EC4391DC6B4D900EA29A3 = {
			isa = PBXGroup;
			children = (
				499EC4441DC6B4D900EA29A3 /* swift-algorithms */,
				499EC4431DC6B4D900EA29A3 /* Products */,
			);
			sourceTree = "<group>";
		};
		499EC4431DC6B4D900EA29A3 /* Products */ = {
			isa = PBXGroup;
			children = (
				499EC4421DC6B4D900EA29A3 /* swift-algorithms */,
			);
			name = Products;
			sourceTree = "<group>";
		};
		499EC4441DC6B4D900EA29A3 /* swift-algorithms */ = {
			isa = PBXGroup;
			children = (
				499EC4451DC6B4D900EA29A3 /* main.swift */,
				499EC44C1DC6B53900EA29A3 /* quicksort.swift */,
				49A1124E1DC700ED00EE2018 /* binarysearch.swift */,
			);
			path = "swift-algorithms";
			sourceTree = "<group>";
		};
/* End PBXGroup section */

/* Begin PBXNativeTarget section */
		499EC4411DC6B4D900EA29A3 /* swift-algorithms */ = {
			isa = PBXNativeTarget;
			buildConfigurationList = 499EC4491DC6B4D900EA29A3 /* Build configuration list for PBXNativeTarget "swift-algorithms" */;
			buildPhases = (
				499EC43E1DC6B4D900EA29A3 /* Sources */,
				499EC43F1DC6B4D900EA29A3 /* Frameworks */,
				499EC4401DC6B4D900EA29A3 /* CopyFiles */,
			);
			buildRules = (
			);
			dependencies = (
			);
			name = "swift-algorithms";
			productName = "swift-algorithms";
			productReference = 499EC4421DC6B4D900EA29A3 /* swift-algorithms */;
			productType = "com.apple.product-type.tool";
		};
/* End PBXNativeTarget section */

/* Begin PBXProject section */
		499EC43A1DC6B4D900EA29A3 /* Project object */ = {
			isa = PBXProject;
			attributes = {
				LastSwiftUpdateCheck = 0800;
				LastUpgradeCheck = 0800;
				ORGANIZATIONNAME = "Andrew van Tonningen";
				TargetAttributes = {
					499EC4411DC6B4D900EA29A3 = {
						CreatedOnToolsVersion = 8.0;
						ProvisioningStyle = Automatic;
					};
				};
			};
			buildConfigurationList = 499EC43D1DC6B4D900EA29A3 /* Build configuration list for PBXProject "swift-algorithms" */;
			compatibilityVersion = "Xcode 3.2";
			developmentRegion = English;
			hasScannedForEncodings = 0;
			knownRegions = (
				en,
			);
			mainGroup = 499EC4391DC6B4D900EA29A3;
			productRefGroup = 499EC4431DC6B4D900EA29A3 /* Products */;
			projectDirPath = "";
			projectRoot = "";
			targets = (
				499EC4411DC6B4D900EA29A3 /* swift-algorithms */,
			);
		};
/* End PBXProject section */

/* Begin PBXSourcesBuildPhase section */
		499EC43E1DC6B4D900EA29A3 /* Sources */ = {
			isa = PBXSourcesBuildPhase;
			buildActionMask = 2147483647;
			files = (
				499EC4461DC6B4D900EA29A3 /* main.swift in Sources */,
				49A1124F1DC700ED00EE2018 /* binarysearch.swift in Sources */,
				499EC44D1DC6B53900EA29A3 /* quicksort.swift in Sources */,
			);
			runOnlyForDeploymentPostprocessing = 0;
		};
/* End PBXSourcesBuildPhase section */

/* Begin XCBuildConfiguration section */
		499EC4471DC6B4D900EA29A3 /* Debug */ = {
			isa = XCBuildConfiguration;
			buildSettings = {
				ALWAYS_SEARCH_USER_PATHS = NO;
				CLANG_ANALYZER_NONNULL = YES;
				CLANG_CXX_LANGUAGE_STANDARD = "gnu++0x";
				CLANG_CXX_LIBRARY = "libc++";
				CLANG_ENABLE_MODULES = YES;
				CLANG_ENABLE_OBJC_ARC = YES;
				CLANG_WARN_BOOL_CONVERSION = YES;
				CLANG_WARN_CONSTANT_CONVERSION = YES;
				CLANG_WARN_DIRECT_OBJC_ISA_USAGE = YES_ERROR;
				CLANG_WARN_DOCUMENTATION_COMMENTS = YES;
				CLANG_WARN_EMPTY_BODY = YES;
				CLANG_WARN_ENUM_CONVERSION = YES;
				CLANG_WARN_INFINITE_RECURSION = YES;
				CLANG_WARN_INT_CONVERSION = YES;
				CLANG_WARN_OBJC_ROOT_CLASS = YES_ERROR;
				CLANG_WARN_SUSPICIOUS_MOVES = YES;
				CLANG_WARN_UNREACHABLE_CODE = YES;
				CLANG_WARN__DUPLICATE_METHOD_MATCH = YES;
				CODE_SIGN_IDENTITY = "-";
				COPY_PHASE_STRIP = NO;
				DEBUG_INFORMATION_FORMAT = dwarf;
				ENABLE_STRICT_OBJC_MSGSEND = YES;
				ENABLE_TESTABILITY = YES;
				GCC_C_LANGUAGE_STANDARD = gnu99;
				GCC_DYNAMIC_NO_PIC = NO;
				GCC_NO_COMMON_BLOCKS = YES;
				GCC_OPTIMIZATION_LEVEL = 0;
				GCC_PREPROCESSOR_DEFINITIONS = (
					"DEBUG=1",
					"$(inherited)",
				);
				GCC_WARN_64_TO_32_BIT_CONVERSION = YES;
				GCC_WARN_ABOUT_RETURN_TYPE = YES_ERROR;
				GCC_WARN_UNDECLARED_SELECTOR = YES;
				GCC_WARN_UNINITIALIZED_AUTOS = YES_AGGRESSIVE;
				GCC_WARN_UNUSED_FUNCTION = YES;
				GCC_WARN_UNUSED_VARIABLE = YES;
				MACOSX_DEPLOYMENT_TARGET = 10.12;
				MTL_ENABLE_DEBUG_INFO = YES;
				ONLY_ACTIVE_ARCH = YES;
				SDKROOT = macosx;
				SWIFT_OPTIMIZATION_LEVEL = "-Onone";
			};
			name = Debug;
		};
		499EC4481DC6B4D900EA29A3 /* Release */ = {
			isa = XCBuildConfiguration;
			buildSettings = {
				ALWAYS_SEARCH_USER_PATHS = NO;
				CLANG_ANALYZER_NONNULL = YES;
				CLANG_CXX_LANGUAGE_STANDARD = "gnu++0x";
				CLANG_CXX_LIBRARY = "libc++";
				CLANG_ENABLE_MODULES = YES;
				CLANG_ENABLE_OBJC_ARC = YES;
				CLANG_WARN_BOOL_CONVERSION = YES;
				CLANG_WARN_CONSTANT_CONVERSION = YES;
				CLANG_WARN_DIRECT_OBJC_ISA_USAGE = YES_ERROR;
				CLANG_WARN_DOCUMENTATION_COMMENTS = YES;
				CLANG_WARN_EMPTY_BODY = YES;
				CLANG_WARN_ENUM_CONVERSION = YES;
				CLANG_WARN_INFINITE_RECURSION = YES;
				CLANG_WARN_INT_CONVERSION = YES;
				CLANG_WARN_OBJC_ROOT_CLASS = YES_ERROR;
				CLANG_WARN_SUSPICIOUS_MOVES = YES;
				CLANG_WARN_UNREACHABLE_CODE = YES;
				CLANG_WARN__DUPLICATE_METHOD_MATCH = YES;
				CODE_SIGN_IDENTITY = "-";
				COPY_PHASE_STRIP = NO;
				DEBUG_INFORMATION_FORMAT = "dwarf-with-dsym";
				ENABLE_NS_ASSERTIONS = NO;
				ENABLE_STRICT_OBJC_MSGSEND = YES;
				GCC_C_LANGUAGE_STANDARD = gnu99;
				GCC_NO_COMMON_BLOCKS = YES;
				GCC_WARN_64_TO_32_BIT_CONVERSION = YES;
				GCC_WARN_ABOUT_RETURN_TYPE = YES_ERROR;
				GCC_WARN_UNDECLARED_SELECTOR = YES;
				GCC_WARN_UNINITIALIZED_AUTOS = YES_AGGRESSIVE;
				GCC_WARN_UNUSED_FUNCTION = YES;
				GCC_WARN_UNUSED_VARIABLE = YES;
				MACOSX_DEPLOYMENT_TARGET = 10.12;
				MTL_ENABLE_DEBUG_INFO = NO;
				SDKROOT = macosx;
			};
			name = Release;
		};
		499EC44A1DC6B4D900EA29A3 /* Debug */ = {
			isa = XCBuildConfiguration;
			buildSettings = {
				PRODUCT_NAME = "$(TARGET_NAME)";
				SWIFT_VERSION = 3.0;
			};
			name = Debug;
		};
		499EC44B1DC6B4D900EA29A3 /* Release */ = {
			isa = XCBuildConfiguration;
			buildSettings = {
				PRODUCT_NAME = "$(TARGET_NAME)";
				SWIFT_VERSION = 3.0;
			};
			name = Release;
		};
/* End XCBuildConfiguration section */

/* Begin XCConfigurationList section */
		499EC43D1DC6B4D900EA29A3 /* Build configuration list for PBXProject "swift-algorithms" */ = {
			isa = XCConfigurationList;
			buildConfigurations = (
				499EC4471DC6B4D900EA29A3 /* Debug */,
				499EC4481DC6B4D900EA29A3 /* Release */,
			);
			defaultConfigurationIsVisible = 0;
			defaultConfigurationName = Release;
		};
		499EC4491DC6B4D900EA29A3 /* Build configuration list for PBXNativeTarget "swift-algorithms" */ = {
			isa = XCConfigurationList;
			buildConfigurations = (
				499EC44A1DC6B4D900EA29A3 /* Debug */,
				499EC44B1DC6B4D900EA29A3 /* Release */,
			);
			defaultConfigurationIsVisible = 0;
			defaultConfigurationName = Release;
		};
/* End XCConfigurationList section */
	};
	rootObject = 499EC43A1DC6B4D900EA29A3 /* Project object */;
}
